
Microsoft Visual Studio Solution File, Format Version 12.00
# Visual Studio Version 17
VisualStudioVersion = 17.4.33213.308
MinimumVisualStudioVersion = 10.0.40219.1
Project("{FAE04EC0-301F-11D3-BF4B-00C04F79EFBC}") = "TestTaskMatveew", "TestTaskMatveew\TestTaskMatveew.csproj", "{559C14D6-7613-47CD-86C7-6472C8889F64}"
EndProject
Project("{FAE04EC0-301F-11D3-BF4B-00C04F79EFBC}") = "TestTaskMatveew.Domain", "TestTaskMatveew.Domain\TestTaskMatveew.Domain.csproj", "{19874C4B-BF09-4F08-BA80-1EF76870F4E6}"
EndProject
Project("{FAE04EC0-301F-11D3-BF4B-00C04F79EFBC}") = "TestTaskMatveew.DAL", "TestTaskMatveew.DAL\TestTaskMatveew.DAL.csproj", "{27DDBF78-D2B1-4013-86C0-F0F454688D0A}"
EndProject
Global
	GlobalSection(SolutionConfigurationPlatforms) = preSolution
		Debug|Any CPU = Debug|Any CPU
		Release|Any CPU = Release|Any CPU
	EndGlobalSection
	GlobalSection(ProjectConfigurationPlatforms) = postSolution
		{559C14D6-7613-47CD-86C7-6472C8889F64}.Debug|Any CPU.ActiveCfg = Debug|Any CPU
		{559C14D6-7613-47CD-86C7-6472C8889F64}.Debug|Any CPU.Build.0 = Debug|Any CPU
		{559C14D6-7613-47CD-86C7-6472C8889F64}.Release|Any CPU.ActiveCfg = Release|Any CPU
		{559C14D6-7613-47CD-86C7-6472C8889F64}.Release|Any CPU.Build.0 = Release|Any CPU
		{19874C4B-BF09-4F08-BA80-1EF76870F4E6}.Debug|Any CPU.ActiveCfg = Debug|Any CPU
		{19874C4B-BF09-4F08-BA80-1EF76870F4E6}.Debug|Any CPU.Build.0 = Debug|Any CPU
		{19874C4B-BF09-4F08-BA80-1EF76870F4E6}.Release|Any CPU.ActiveCfg = Release|Any CPU
		{19874C4B-BF09-4F08-BA80-1EF76870F4E6}.Release|Any CPU.Build.0 = Release|Any CPU
		{27DDBF78-D2B1-4013-86C0-F0F454688D0A}.Debug|Any CPU.ActiveCfg = Debug|Any CPU
		{27DDBF78-D2B1-4013-86C0-F0F454688D0A}.Debug|Any CPU.Build.0 = Debug|Any CPU
		{27DDBF78-D2B1-4013-86C0-F0F454688D0A}.Release|Any CPU.ActiveCfg = Release|Any CPU
		{27DDBF78-D2B1-4013-86C0-F0F454688D0A}.Release|Any CPU.Build.0 = Release|Any CPU
	EndGlobalSection
	GlobalSection(SolutionProperties) = preSolution
		HideSolutionNode = FALSE
	EndGlobalSection
	GlobalSection(ExtensibilityGlobals) = postSolution
		SolutionGuid = {19A5198A-6AD6-4A21-B1E9-410AD7400315}
	EndGlobalSection
EndGlobal
